
Microsoft Visual Studio Solution File, Format Version 12.00
# Visual Studio Version 17
VisualStudioVersion = 17.11.35219.272
MinimumVisualStudioVersion = 10.0.40219.1
Project("{9A19103F-16F7-4668-BE54-9A1E7A4F7556}") = "AssetManagementCL", "AssetManagementCL\AssetManagementCL.csproj", "{46519E0C-0B6B-418A-A243-671A1F1C28C9}"
EndProject
Project("{9A19103F-16F7-4668-BE54-9A1E7A4F7556}") = "AssetManagementAPI", "AssetManagementAPI\AssetManagementAPI.csproj", "{F73293F7-9498-471D-97F5-08D17DC37BAE}"
EndProject
Project("{FAE04EC0-301F-11D3-BF4B-00C04F79EFBC}") = "AssetManagementTest", "AssetManagementTest\AssetManagementTest.csproj", "{81E895EA-8388-4EF3-B0B6-0545CE4B3130}"
EndProject
Global
	GlobalSection(SolutionConfigurationPlatforms) = preSolution
		Debug|Any CPU = Debug|Any CPU
		Release|Any CPU = Release|Any CPU
	EndGlobalSection
	GlobalSection(ProjectConfigurationPlatforms) = postSolution
		{46519E0C-0B6B-418A-A243-671A1F1C28C9}.Debug|Any CPU.ActiveCfg = Debug|Any CPU
		{46519E0C-0B6B-418A-A243-671A1F1C28C9}.Debug|Any CPU.Build.0 = Debug|Any CPU
		{46519E0C-0B6B-418A-A243-671A1F1C28C9}.Release|Any CPU.ActiveCfg = Release|Any CPU
		{46519E0C-0B6B-418A-A243-671A1F1C28C9}.Release|Any CPU.Build.0 = Release|Any CPU
		{F73293F7-9498-471D-97F5-08D17DC37BAE}.Debug|Any CPU.ActiveCfg = Debug|Any CPU
		{F73293F7-9498-471D-97F5-08D17DC37BAE}.Debug|Any CPU.Build.0 = Debug|Any CPU
		{F73293F7-9498-471D-97F5-08D17DC37BAE}.Release|Any CPU.ActiveCfg = Release|Any CPU
		{F73293F7-9498-471D-97F5-08D17DC37BAE}.Release|Any CPU.Build.0 = Release|Any CPU
		{81E895EA-8388-4EF3-B0B6-0545CE4B3130}.Debug|Any CPU.ActiveCfg = Debug|Any CPU
		{81E895EA-8388-4EF3-B0B6-0545CE4B3130}.Debug|Any CPU.Build.0 = Debug|Any CPU
		{81E895EA-8388-4EF3-B0B6-0545CE4B3130}.Release|Any CPU.ActiveCfg = Release|Any CPU
		{81E895EA-8388-4EF3-B0B6-0545CE4B3130}.Release|Any CPU.Build.0 = Release|Any CPU
	EndGlobalSection
	GlobalSection(SolutionProperties) = preSolution
		HideSolutionNode = FALSE
	EndGlobalSection
	GlobalSection(ExtensibilityGlobals) = postSolution
		SolutionGuid = {2960F6A1-AD11-43CA-8E63-1CA5E8E15BFC}
	EndGlobalSection
EndGlobal
